
Microsoft Visual Studio Solution File, Format Version 10.00
# Visual Studio 2008
Project("{8BC9CEB8-8B4A-11D0-8D11-00A0C91BC942}") = "SSDTrim", "SSDTrim\SSDTrim.vcproj", "{B9DBE545-ED03-49DA-9B10-5C7AA22B93EF}"
EndProject
Global
	GlobalSection(SolutionConfigurationPlatforms) = preSolution
		Debug|Win32 = Debug|Win32
		Release|Win32 = Release|Win32
	EndGlobalSection
	GlobalSection(ProjectConfigurationPlatforms) = postSolution
		{B9DBE545-ED03-49DA-9B10-5C7AA22B93EF}.Debug|Win32.ActiveCfg = Debug|Win32
		{B9DBE545-ED03-49DA-9B10-5C7AA22B93EF}.Debug|Win32.Build.0 = Debug|Win32
		{B9DBE545-ED03-49DA-9B10-5C7AA22B93EF}.Release|Win32.ActiveCfg = Release|Win32
		{B9DBE545-ED03-49DA-9B10-5C7AA22B93EF}.Release|Win32.Build.0 = Release|Win32
	EndGlobalSection
	GlobalSection(SolutionProperties) = preSolution
		HideSolutionNode = FALSE
	EndGlobalSection
EndGlobal
